
Microsoft Visual Studio Solution File, Format Version 12.00
# Visual Studio 15
Project("{FAE04EC0-301F-11D3-BF4B-00C04F79EFBC}") = "CurvedBottomTabbedPageExemplo.Android", "CurvedBottomTabbedPageExemplo.Android\CurvedBottomTabbedPageExemplo.Android.csproj", "{8805721F-050B-43B9-82FD-2936DE95D185}"
EndProject
Project("{FAE04EC0-301F-11D3-BF4B-00C04F79EFBC}") = "CurvedBottomTabbedPageExemplo.iOS", "CurvedBottomTabbedPageExemplo.iOS\CurvedBottomTabbedPageExemplo.iOS.csproj", "{0D70963F-DBD4-4CBF-AEDD-5E8665244B60}"
EndProject
Project("{FAE04EC0-301F-11D3-BF4B-00C04F79EFBC}") = "CurvedBottomTabbedPageExemplo", "CurvedBottomTabbedPageExemplo\CurvedBottomTabbedPageExemplo.csproj", "{64AABC6D-626B-4817-97C5-F781D7FFA259}"
EndProject
Global
	GlobalSection(SolutionConfigurationPlatforms) = preSolution
		Debug|Any CPU = Debug|Any CPU
		Release|Any CPU = Release|Any CPU
		Debug|iPhoneSimulator = Debug|iPhoneSimulator
		Release|iPhoneSimulator = Release|iPhoneSimulator
		Debug|iPhone = Debug|iPhone
		Release|iPhone = Release|iPhone
	EndGlobalSection
	GlobalSection(ProjectConfigurationPlatforms) = postSolution
		{8805721F-050B-43B9-82FD-2936DE95D185}.Debug|Any CPU.ActiveCfg = Debug|Any CPU
		{8805721F-050B-43B9-82FD-2936DE95D185}.Debug|Any CPU.Build.0 = Debug|Any CPU
		{8805721F-050B-43B9-82FD-2936DE95D185}.Release|Any CPU.ActiveCfg = Release|Any CPU
		{8805721F-050B-43B9-82FD-2936DE95D185}.Release|Any CPU.Build.0 = Release|Any CPU
		{8805721F-050B-43B9-82FD-2936DE95D185}.Debug|iPhoneSimulator.ActiveCfg = Debug|Any CPU
		{8805721F-050B-43B9-82FD-2936DE95D185}.Debug|iPhoneSimulator.Build.0 = Debug|Any CPU
		{8805721F-050B-43B9-82FD-2936DE95D185}.Release|iPhoneSimulator.ActiveCfg = Release|Any CPU
		{8805721F-050B-43B9-82FD-2936DE95D185}.Release|iPhoneSimulator.Build.0 = Release|Any CPU
		{8805721F-050B-43B9-82FD-2936DE95D185}.Debug|iPhone.ActiveCfg = Debug|Any CPU
		{8805721F-050B-43B9-82FD-2936DE95D185}.Debug|iPhone.Build.0 = Debug|Any CPU
		{8805721F-050B-43B9-82FD-2936DE95D185}.Release|iPhone.ActiveCfg = Release|Any CPU
		{8805721F-050B-43B9-82FD-2936DE95D185}.Release|iPhone.Build.0 = Release|Any CPU
		{0D70963F-DBD4-4CBF-AEDD-5E8665244B60}.Debug|Any CPU.ActiveCfg = Debug|iPhoneSimulator
		{0D70963F-DBD4-4CBF-AEDD-5E8665244B60}.Debug|Any CPU.Build.0 = Debug|iPhoneSimulator
		{0D70963F-DBD4-4CBF-AEDD-5E8665244B60}.Release|Any CPU.ActiveCfg = Release|iPhoneSimulator
		{0D70963F-DBD4-4CBF-AEDD-5E8665244B60}.Release|Any CPU.Build.0 = Release|iPhoneSimulator
		{0D70963F-DBD4-4CBF-AEDD-5E8665244B60}.Debug|iPhoneSimulator.ActiveCfg = Debug|iPhoneSimulator
		{0D70963F-DBD4-4CBF-AEDD-5E8665244B60}.Debug|iPhoneSimulator.Build.0 = Debug|iPhoneSimulator
		{0D70963F-DBD4-4CBF-AEDD-5E8665244B60}.Release|iPhoneSimulator.ActiveCfg = Release|iPhoneSimulator
		{0D70963F-DBD4-4CBF-AEDD-5E8665244B60}.Release|iPhoneSimulator.Build.0 = Release|iPhoneSimulator
		{0D70963F-DBD4-4CBF-AEDD-5E8665244B60}.Debug|iPhone.ActiveCfg = Debug|iPhone
		{0D70963F-DBD4-4CBF-AEDD-5E8665244B60}.Debug|iPhone.Build.0 = Debug|iPhone
		{0D70963F-DBD4-4CBF-AEDD-5E8665244B60}.Release|iPhone.ActiveCfg = Release|iPhone
		{0D70963F-DBD4-4CBF-AEDD-5E8665244B60}.Release|iPhone.Build.0 = Release|iPhone
		{64AABC6D-626B-4817-97C5-F781D7FFA259}.Debug|Any CPU.ActiveCfg = Debug|Any CPU
		{64AABC6D-626B-4817-97C5-F781D7FFA259}.Debug|Any CPU.Build.0 = Debug|Any CPU
		{64AABC6D-626B-4817-97C5-F781D7FFA259}.Release|Any CPU.ActiveCfg = Release|Any CPU
		{64AABC6D-626B-4817-97C5-F781D7FFA259}.Release|Any CPU.Build.0 = Release|Any CPU
		{64AABC6D-626B-4817-97C5-F781D7FFA259}.Debug|iPhoneSimulator.ActiveCfg = Debug|Any CPU
		{64AABC6D-626B-4817-97C5-F781D7FFA259}.Debug|iPhoneSimulator.Build.0 = Debug|Any CPU
		{64AABC6D-626B-4817-97C5-F781D7FFA259}.Release|iPhoneSimulator.ActiveCfg = Release|Any CPU
		{64AABC6D-626B-4817-97C5-F781D7FFA259}.Release|iPhoneSimulator.Build.0 = Release|Any CPU
		{64AABC6D-626B-4817-97C5-F781D7FFA259}.Debug|iPhone.ActiveCfg = Debug|Any CPU
		{64AABC6D-626B-4817-97C5-F781D7FFA259}.Debug|iPhone.Build.0 = Debug|Any CPU
		{64AABC6D-626B-4817-97C5-F781D7FFA259}.Release|iPhone.ActiveCfg = Release|Any CPU
		{64AABC6D-626B-4817-97C5-F781D7FFA259}.Release|iPhone.Build.0 = Release|Any CPU
	EndGlobalSection
EndGlobal
